// !$*UTF8*$!
{
	archiveVersion = 1;
	classes = {
	};
	objectVersion = 46;
	objects = {

/* Begin PBXAggregateTarget section */
		7F51E9A62B964487BCF9E19E /* ALL_BUILD */ = {
			isa = PBXAggregateTarget;
			buildConfigurationList = 33EBFF9CAB3244AC9F108520 /* Build configuration list for PBXAggregateTarget "ALL_BUILD" */;
			buildPhases = (
				9631D0E8B5C0468E8C4D2372 /* CMake Rules */,
			);
			dependencies = (
				B902F58A7D594A8D993460A7 /* PBXTargetDependency */,
				07AB2003531541E5993C90AE /* PBXTargetDependency */,
			);
			name = ALL_BUILD;
			productName = ALL_BUILD;
		};
		A4A415CDBA864DB18FBEECAD /* ZERO_CHECK */ = {
			isa = PBXAggregateTarget;
			buildConfigurationList = B2F8FB8E84004A1AA2D1A41C /* Build configuration list for PBXAggregateTarget "ZERO_CHECK" */;
			buildPhases = (
				06C3C4295F1446BB9FB7A133 /* CMake Rules */,
			);
			dependencies = (
			);
			name = ZERO_CHECK;
			productName = ZERO_CHECK;
		};
/* End PBXAggregateTarget section */

/* Begin PBXBuildFile section */
		08A6EB5F831542099FE03A0C /* /Users/gleb/dev/Udacity-Self-Driving-Car-Engineer/CarND-Path-Planning-Project/src/vehicle.cpp */ = {isa = PBXBuildFile; fileRef = E81AC38FEE4A4D7FBB0F91EF /* /Users/gleb/dev/Udacity-Self-Driving-Car-Engineer/CarND-Path-Planning-Project/src/vehicle.cpp */; };
		0944C676511946E4A1CD3D09 /* /Users/gleb/dev/Udacity-Self-Driving-Car-Engineer/CarND-Path-Planning-Project/src/main.cpp */ = {isa = PBXBuildFile; fileRef = 7118B9D786EA48E38B209104 /* /Users/gleb/dev/Udacity-Self-Driving-Car-Engineer/CarND-Path-Planning-Project/src/main.cpp */; };
		0F6244B723444F90844C8E4E /* /Users/gleb/dev/Udacity-Self-Driving-Car-Engineer/CarND-Path-Planning-Project/CMakeLists.txt */ = {isa = PBXBuildFile; fileRef = 0A1E35CE6EB74F2A8A64D3D3 /* /Users/gleb/dev/Udacity-Self-Driving-Car-Engineer/CarND-Path-Planning-Project/CMakeLists.txt */; };
		4B8A6C02CA8A444D830DB9B3 /* /Users/gleb/dev/Udacity-Self-Driving-Car-Engineer/CarND-Path-Planning-Project/src/planner.cpp */ = {isa = PBXBuildFile; fileRef = 04E9257493364FD1B44281AC /* /Users/gleb/dev/Udacity-Self-Driving-Car-Engineer/CarND-Path-Planning-Project/src/planner.cpp */; };
/* End PBXBuildFile section */

/* Begin PBXBuildStyle section */
		45F1604D0D584856A1DC16C7 /* Debug */ = {
			isa = PBXBuildStyle;
			buildSettings = {
				COPY_PHASE_STRIP = NO;
			};
			name = Debug;
		};
		7A8E4AD20F354DA3A5555B20 /* RelWithDebInfo */ = {
			isa = PBXBuildStyle;
			buildSettings = {
				COPY_PHASE_STRIP = NO;
			};
			name = RelWithDebInfo;
		};
		BDCB1925286741A7A77B4430 /* MinSizeRel */ = {
			isa = PBXBuildStyle;
			buildSettings = {
				COPY_PHASE_STRIP = NO;
			};
			name = MinSizeRel;
		};
		FBB182747DF448D5BA89C725 /* Release */ = {
			isa = PBXBuildStyle;
			buildSettings = {
				COPY_PHASE_STRIP = NO;
			};
			name = Release;
		};
/* End PBXBuildStyle section */

/* Begin PBXContainerItemProxy section */
		69E328DF868742E89B09A1E0 /* PBXContainerItemProxy */ = {
			isa = PBXContainerItemProxy;
			containerPortal = 3B34B7585027422EB6918BBA /* Project object */;
			proxyType = 1;
			remoteGlobalIDString = A4A415CDBA864DB18FBEECAD;
			remoteInfo = ZERO_CHECK;
		};
		8AFA62CB7AC24C86944FA2FE /* PBXContainerItemProxy */ = {
			isa = PBXContainerItemProxy;
			containerPortal = 3B34B7585027422EB6918BBA /* Project object */;
			proxyType = 1;
			remoteGlobalIDString = A4A415CDBA864DB18FBEECAD;
			remoteInfo = ZERO_CHECK;
		};
		B88F3B991719455EA8E6D484 /* PBXContainerItemProxy */ = {
			isa = PBXContainerItemProxy;
			containerPortal = 3B34B7585027422EB6918BBA /* Project object */;
			proxyType = 1;
			remoteGlobalIDString = 34B2FF32BF994C75A1DE0427;
			remoteInfo = path_planning;
		};
/* End PBXContainerItemProxy section */

/* Begin PBXFileReference section */
		04E9257493364FD1B44281AC /* /Users/gleb/dev/Udacity-Self-Driving-Car-Engineer/CarND-Path-Planning-Project/src/planner.cpp */ = {isa = PBXFileReference; explicitFileType = sourcecode.cpp.cpp; fileEncoding = 4; name = planner.cpp; path = src/planner.cpp; sourceTree = SOURCE_ROOT; };
		0A1E35CE6EB74F2A8A64D3D3 /* /Users/gleb/dev/Udacity-Self-Driving-Car-Engineer/CarND-Path-Planning-Project/CMakeLists.txt */ = {isa = PBXFileReference; explicitFileType = sourcecode.text; fileEncoding = 4; name = CMakeLists.txt; path = CMakeLists.txt; sourceTree = SOURCE_ROOT; };
		7118B9D786EA48E38B209104 /* /Users/gleb/dev/Udacity-Self-Driving-Car-Engineer/CarND-Path-Planning-Project/src/main.cpp */ = {isa = PBXFileReference; explicitFileType = sourcecode.cpp.cpp; fileEncoding = 4; name = main.cpp; path = src/main.cpp; sourceTree = SOURCE_ROOT; };
		7148C5BE98964F7B89BE0BFB /* /Users/gleb/dev/Udacity-Self-Driving-Car-Engineer/CarND-Path-Planning-Project/CMakeLists.txt */ = {isa = PBXFileReference; explicitFileType = sourcecode.text; fileEncoding = 4; name = CMakeLists.txt; path = CMakeLists.txt; sourceTree = SOURCE_ROOT; };
		B5814B19ECA2416C8CDA2846 /* path_planning */ = {isa = PBXFileReference; explicitFileType = "compiled.mach-o.executable"; path = path_planning; sourceTree = BUILT_PRODUCTS_DIR; };
		E81AC38FEE4A4D7FBB0F91EF /* /Users/gleb/dev/Udacity-Self-Driving-Car-Engineer/CarND-Path-Planning-Project/src/vehicle.cpp */ = {isa = PBXFileReference; explicitFileType = sourcecode.cpp.cpp; fileEncoding = 4; name = vehicle.cpp; path = src/vehicle.cpp; sourceTree = SOURCE_ROOT; };
/* End PBXFileReference section */

/* Begin PBXGroup section */
		2A6B6BA1ECDF437E94EAEDF6 /* Products */ = {
			isa = PBXGroup;
			children = (
				B5814B19ECA2416C8CDA2846 /* path_planning */,
			);
			name = Products;
			sourceTree = "<group>";
		};
		2D3CC78B4D6A4B178C6453D5 = {
			isa = PBXGroup;
			children = (
				B219A0FE8A5244EAA8A19915 /* path_planning */,
				F9A42F83734A42B8AABC8153 /* ALL_BUILD */,
				2A6B6BA1ECDF437E94EAEDF6 /* Products */,
			);
			sourceTree = "<group>";
		};
		562FD0D0B68147278BB36E07 /* Source Files */ = {
			isa = PBXGroup;
			children = (
				7118B9D786EA48E38B209104 /* /Users/gleb/dev/Udacity-Self-Driving-Car-Engineer/CarND-Path-Planning-Project/src/main.cpp */,
				04E9257493364FD1B44281AC /* /Users/gleb/dev/Udacity-Self-Driving-Car-Engineer/CarND-Path-Planning-Project/src/planner.cpp */,
				E81AC38FEE4A4D7FBB0F91EF /* /Users/gleb/dev/Udacity-Self-Driving-Car-Engineer/CarND-Path-Planning-Project/src/vehicle.cpp */,
			);
			name = "Source Files";
			sourceTree = "<group>";
		};
		6789777B3D074AC7BBF2478C /* CMake Rules */ = {
			isa = PBXGroup;
			children = (
			);
			name = "CMake Rules";
			sourceTree = "<group>";
		};
		B219A0FE8A5244EAA8A19915 /* path_planning */ = {
			isa = PBXGroup;
			children = (
				562FD0D0B68147278BB36E07 /* Source Files */,
				0A1E35CE6EB74F2A8A64D3D3 /* /Users/gleb/dev/Udacity-Self-Driving-Car-Engineer/CarND-Path-Planning-Project/CMakeLists.txt */,
			);
			name = path_planning;
			sourceTree = "<group>";
		};
		F9A42F83734A42B8AABC8153 /* ALL_BUILD */ = {
			isa = PBXGroup;
			children = (
				6789777B3D074AC7BBF2478C /* CMake Rules */,
				7148C5BE98964F7B89BE0BFB /* /Users/gleb/dev/Udacity-Self-Driving-Car-Engineer/CarND-Path-Planning-Project/CMakeLists.txt */,
			);
			name = ALL_BUILD;
			sourceTree = "<group>";
		};
/* End PBXGroup section */

/* Begin PBXNativeTarget section */
		34B2FF32BF994C75A1DE0427 /* path_planning */ = {
			isa = PBXNativeTarget;
			buildConfigurationList = 39EFD6A2067A49359B3C4968 /* Build configuration list for PBXNativeTarget "path_planning" */;
			buildPhases = (
				3A05DE39A0D64877BB399ED2 /* Sources */,
			);
			buildRules = (
			);
			dependencies = (
				86281EBAF23241B687BEEED8 /* PBXTargetDependency */,
			);
			name = path_planning;
			productName = path_planning;
			productReference = B5814B19ECA2416C8CDA2846 /* path_planning */;
			productType = "com.apple.product-type.tool";
		};
/* End PBXNativeTarget section */

/* Begin PBXProject section */
		3B34B7585027422EB6918BBA /* Project object */ = {
			isa = PBXProject;
			attributes = {
				BuildIndependentTargetsInParallel = YES;
				LastUpgradeCheck = 1100;
			};
			buildConfigurationList = BC5015A9FB8F40ABB35B99F4 /* Build configuration list for PBXProject "Path_Planning" */;
			buildSettings = {
			};
			buildStyles = (
				45F1604D0D584856A1DC16C7 /* Debug */,
				FBB182747DF448D5BA89C725 /* Release */,
				BDCB1925286741A7A77B4430 /* MinSizeRel */,
				7A8E4AD20F354DA3A5555B20 /* RelWithDebInfo */,
			);
			compatibilityVersion = "Xcode 3.2";
			hasScannedForEncodings = 0;
			mainGroup = 2D3CC78B4D6A4B178C6453D5;
			projectDirPath = .;
			projectRoot = "";
			targets = (
				7F51E9A62B964487BCF9E19E /* ALL_BUILD */,
				A4A415CDBA864DB18FBEECAD /* ZERO_CHECK */,
				34B2FF32BF994C75A1DE0427 /* path_planning */,
			);
		};
/* End PBXProject section */

/* Begin PBXShellScriptBuildPhase section */
		06C3C4295F1446BB9FB7A133 /* CMake Rules */ = {
			isa = PBXShellScriptBuildPhase;
			buildActionMask = 2147483647;
			files = (
			);
			name = "CMake Rules";
			runOnlyForDeploymentPostprocessing = 0;
			shellPath = /bin/sh;
			shellScript = "make -C /Users/gleb/dev/Udacity-Self-Driving-Car-Engineer/CarND-Path-Planning-Project -f /Users/gleb/dev/Udacity-Self-Driving-Car-Engineer/CarND-Path-Planning-Project/CMakeScripts/ZERO_CHECK_cmakeRulesBuildPhase.make$CONFIGURATION OBJDIR=$(basename \"$OBJECT_FILE_DIR_normal\") all";
			showEnvVarsInLog = 0;
		};
		61D0E00A390F436B822702D5 = {
			isa = PBXShellScriptBuildPhase;
			buildActionMask = 2147483647;
			files = (
			);
			inputPaths = (
			);
			outputPaths = (
			);
			runOnlyForDeploymentPostprocessing = 0;
			shellPath = /bin/sh;
			shellScript = "# shell script goes here
exit 0";
			showEnvVarsInLog = 0;
		};
		9631D0E8B5C0468E8C4D2372 /* CMake Rules */ = {
			isa = PBXShellScriptBuildPhase;
			buildActionMask = 2147483647;
			files = (
			);
			name = "CMake Rules";
			runOnlyForDeploymentPostprocessing = 0;
			shellPath = /bin/sh;
			shellScript = "make -C /Users/gleb/dev/Udacity-Self-Driving-Car-Engineer/CarND-Path-Planning-Project -f /Users/gleb/dev/Udacity-Self-Driving-Car-Engineer/CarND-Path-Planning-Project/CMakeScripts/ALL_BUILD_cmakeRulesBuildPhase.make$CONFIGURATION OBJDIR=$(basename \"$OBJECT_FILE_DIR_normal\") all";
			showEnvVarsInLog = 0;
		};
		9B8E9AF508474C3B907A6776 = {
			isa = PBXShellScriptBuildPhase;
			buildActionMask = 2147483647;
			files = (
			);
			inputPaths = (
			);
			outputPaths = (
			);
			runOnlyForDeploymentPostprocessing = 0;
			shellPath = /bin/sh;
			shellScript = "# shell script goes here
exit 0";
			showEnvVarsInLog = 0;
		};
/* End PBXShellScriptBuildPhase section */

/* Begin PBXSourcesBuildPhase section */
		3A05DE39A0D64877BB399ED2 /* Sources */ = {
			isa = PBXSourcesBuildPhase;
			buildActionMask = 2147483647;
			files = (
				0944C676511946E4A1CD3D09 /* /Users/gleb/dev/Udacity-Self-Driving-Car-Engineer/CarND-Path-Planning-Project/src/main.cpp */,
				4B8A6C02CA8A444D830DB9B3 /* /Users/gleb/dev/Udacity-Self-Driving-Car-Engineer/CarND-Path-Planning-Project/src/planner.cpp */,
				08A6EB5F831542099FE03A0C /* /Users/gleb/dev/Udacity-Self-Driving-Car-Engineer/CarND-Path-Planning-Project/src/vehicle.cpp */,
			);
			runOnlyForDeploymentPostprocessing = 0;
		};
/* End PBXSourcesBuildPhase section */

/* Begin PBXTargetDependency section */
		07AB2003531541E5993C90AE /* PBXTargetDependency */ = {
			isa = PBXTargetDependency;
			target = A4A415CDBA864DB18FBEECAD /* ZERO_CHECK */;
			targetProxy = 69E328DF868742E89B09A1E0 /* PBXContainerItemProxy */;
		};
		86281EBAF23241B687BEEED8 /* PBXTargetDependency */ = {
			isa = PBXTargetDependency;
			target = A4A415CDBA864DB18FBEECAD /* ZERO_CHECK */;
			targetProxy = 8AFA62CB7AC24C86944FA2FE /* PBXContainerItemProxy */;
		};
		B902F58A7D594A8D993460A7 /* PBXTargetDependency */ = {
			isa = PBXTargetDependency;
			target = 34B2FF32BF994C75A1DE0427 /* path_planning */;
			targetProxy = B88F3B991719455EA8E6D484 /* PBXContainerItemProxy */;
		};
/* End PBXTargetDependency section */

/* Begin XCBuildConfiguration section */
		0BFD4C61BCE84B3F8D7CE0E1 /* Release */ = {
			isa = XCBuildConfiguration;
			buildSettings = {
				COMBINE_HIDPI_IMAGES = YES;
				EXECUTABLE_PREFIX = "";
				EXECUTABLE_SUFFIX = "";
				GCC_GENERATE_DEBUGGING_SYMBOLS = NO;
				GCC_INLINES_ARE_PRIVATE_EXTERN = NO;
				GCC_OPTIMIZATION_LEVEL = 3;
				GCC_PREPROCESSOR_DEFINITIONS = ("'CMAKE_INTDIR=\"$(CONFIGURATION)$(EFFECTIVE_PLATFORM_NAME)\"'");
				GCC_SYMBOLS_PRIVATE_EXTERN = NO;
				HEADER_SEARCH_PATHS = (/usr/local/include,/usr/local/opt/openssl/include);
				INSTALL_PATH = "";
				LD_RUNPATH_SEARCH_PATHS = "/usr/local/lib /usr/local/opt/openssl/lib /usr/local/Cellar/libuv/1.20.0/lib";
				LIBRARY_SEARCH_PATHS = " /usr/local/lib/$(CONFIGURATION)$(EFFECTIVE_PLATFORM_NAME) /usr/local/lib /usr/local/opt/openssl/lib/$(CONFIGURATION)$(EFFECTIVE_PLATFORM_NAME) /usr/local/opt/openssl/lib /usr/local/Cellar/libuv/1.20.0/lib/$(CONFIGURATION)$(EFFECTIVE_PLATFORM_NAME) /usr/local/Cellar/libuv/1.20.0/lib";
				OTHER_CPLUSPLUSFLAGS = "    -DNDEBUG   -std=c++11";
				OTHER_LDFLAGS = " -Wl,-search_paths_first -Wl,-headerpad_max_install_names  -lz -lssl -luv -luWS";
				OTHER_REZFLAGS = "";
				PRODUCT_NAME = path_planning;
				SECTORDER_FLAGS = "";
				SYMROOT = "/Users/gleb/dev/Udacity-Self-Driving-Car-Engineer/CarND-Path-Planning-Project";
				USE_HEADERMAP = NO;
				WARNING_CFLAGS = ("-Wmost","-Wno-four-char-constants","-Wno-unknown-pragmas","$(inherited)");
			};
			name = Release;
		};
		10A6192BB6404C96AEA7EEA0 /* Debug */ = {
			isa = XCBuildConfiguration;
			buildSettings = {
				COMBINE_HIDPI_IMAGES = YES;
				EXECUTABLE_PREFIX = "";
				EXECUTABLE_SUFFIX = "";
				GCC_GENERATE_DEBUGGING_SYMBOLS = YES;
				GCC_INLINES_ARE_PRIVATE_EXTERN = NO;
				GCC_OPTIMIZATION_LEVEL = 0;
				GCC_PREPROCESSOR_DEFINITIONS = ("'CMAKE_INTDIR=\"$(CONFIGURATION)$(EFFECTIVE_PLATFORM_NAME)\"'");
				GCC_SYMBOLS_PRIVATE_EXTERN = NO;
				HEADER_SEARCH_PATHS = (/usr/local/include,/usr/local/opt/openssl/include);
				INSTALL_PATH = "";
				LD_RUNPATH_SEARCH_PATHS = "/usr/local/lib /usr/local/opt/openssl/lib /usr/local/Cellar/libuv/1.20.0/lib";
				LIBRARY_SEARCH_PATHS = " /usr/local/lib/$(CONFIGURATION)$(EFFECTIVE_PLATFORM_NAME) /usr/local/lib /usr/local/opt/openssl/lib/$(CONFIGURATION)$(EFFECTIVE_PLATFORM_NAME) /usr/local/opt/openssl/lib /usr/local/Cellar/libuv/1.20.0/lib/$(CONFIGURATION)$(EFFECTIVE_PLATFORM_NAME) /usr/local/Cellar/libuv/1.20.0/lib";
				OTHER_CPLUSPLUSFLAGS = "     -std=c++11";
				OTHER_LDFLAGS = " -Wl,-search_paths_first -Wl,-headerpad_max_install_names  -lz -lssl -luv -luWS";
				OTHER_REZFLAGS = "";
				PRODUCT_NAME = path_planning;
				SECTORDER_FLAGS = "";
				SYMROOT = "/Users/gleb/dev/Udacity-Self-Driving-Car-Engineer/CarND-Path-Planning-Project";
				USE_HEADERMAP = NO;
				WARNING_CFLAGS = ("-Wmost","-Wno-four-char-constants","-Wno-unknown-pragmas","$(inherited)");
			};
			name = Debug;
		};
		27489D43380944CD8C2CCC7B /* RelWithDebInfo */ = {
			isa = XCBuildConfiguration;
			buildSettings = {
				MACOSX_DEPLOYMENT_TARGET = 10.14;
				ONLY_ACTIVE_ARCH = YES;
				SDKROOT = /Applications/Xcode.app/Contents/Developer/Platforms/MacOSX.platform/Developer/SDKs/MacOSX10.15.sdk;
				SYMROOT = "/Users/gleb/dev/Udacity-Self-Driving-Car-Engineer/CarND-Path-Planning-Project/build";
			};
			name = RelWithDebInfo;
		};
		2E0B9ABBDEB548B39FAF74E9 /* Release */ = {
			isa = XCBuildConfiguration;
			buildSettings = {
				COMBINE_HIDPI_IMAGES = YES;
				GCC_GENERATE_DEBUGGING_SYMBOLS = YES;
				GCC_INLINES_ARE_PRIVATE_EXTERN = NO;
				GCC_OPTIMIZATION_LEVEL = 0;
				GCC_PREPROCESSOR_DEFINITIONS = ("'CMAKE_INTDIR=\"$(CONFIGURATION)$(EFFECTIVE_PLATFORM_NAME)\"'");
				GCC_SYMBOLS_PRIVATE_EXTERN = NO;
				INSTALL_PATH = "";
				OTHER_LDFLAGS = " ";
				OTHER_REZFLAGS = "";
				PRODUCT_NAME = ALL_BUILD;
				SECTORDER_FLAGS = "";
				SYMROOT = "/Users/gleb/dev/Udacity-Self-Driving-Car-Engineer/CarND-Path-Planning-Project";
				USE_HEADERMAP = NO;
				WARNING_CFLAGS = ("-Wmost","-Wno-four-char-constants","-Wno-unknown-pragmas","$(inherited)");
			};
			name = Release;
		};
		32141F915D7E4EE7BB002A6A /* MinSizeRel */ = {
			isa = XCBuildConfiguration;
			buildSettings = {
				COMBINE_HIDPI_IMAGES = YES;
				GCC_GENERATE_DEBUGGING_SYMBOLS = YES;
				GCC_INLINES_ARE_PRIVATE_EXTERN = NO;
				GCC_OPTIMIZATION_LEVEL = 0;
				GCC_PREPROCESSOR_DEFINITIONS = ("'CMAKE_INTDIR=\"$(CONFIGURATION)$(EFFECTIVE_PLATFORM_NAME)\"'");
				GCC_SYMBOLS_PRIVATE_EXTERN = NO;
				INSTALL_PATH = "";
				OTHER_LDFLAGS = " ";
				OTHER_REZFLAGS = "";
				PRODUCT_NAME = ALL_BUILD;
				SECTORDER_FLAGS = "";
				SYMROOT = "/Users/gleb/dev/Udacity-Self-Driving-Car-Engineer/CarND-Path-Planning-Project";
				USE_HEADERMAP = NO;
				WARNING_CFLAGS = ("-Wmost","-Wno-four-char-constants","-Wno-unknown-pragmas","$(inherited)");
			};
			name = MinSizeRel;
		};
		49C4457B630B40FF82888A93 /* Debug */ = {
			isa = XCBuildConfiguration;
			buildSettings = {
				MACOSX_DEPLOYMENT_TARGET = 10.14;
				ONLY_ACTIVE_ARCH = YES;
				SDKROOT = /Applications/Xcode.app/Contents/Developer/Platforms/MacOSX.platform/Developer/SDKs/MacOSX10.15.sdk;
				SYMROOT = "/Users/gleb/dev/Udacity-Self-Driving-Car-Engineer/CarND-Path-Planning-Project/build";
			};
			name = Debug;
		};
		5E630D6205ED466ABCACCD94 /* Debug */ = {
			isa = XCBuildConfiguration;
			buildSettings = {
				COMBINE_HIDPI_IMAGES = YES;
				GCC_GENERATE_DEBUGGING_SYMBOLS = YES;
				GCC_INLINES_ARE_PRIVATE_EXTERN = NO;
				GCC_OPTIMIZATION_LEVEL = 0;
				GCC_PREPROCESSOR_DEFINITIONS = ("'CMAKE_INTDIR=\"$(CONFIGURATION)$(EFFECTIVE_PLATFORM_NAME)\"'");
				GCC_SYMBOLS_PRIVATE_EXTERN = NO;
				INSTALL_PATH = "";
				OTHER_LDFLAGS = " ";
				OTHER_REZFLAGS = "";
				PRODUCT_NAME = ALL_BUILD;
				SECTORDER_FLAGS = "";
				SYMROOT = "/Users/gleb/dev/Udacity-Self-Driving-Car-Engineer/CarND-Path-Planning-Project";
				USE_HEADERMAP = NO;
				WARNING_CFLAGS = ("-Wmost","-Wno-four-char-constants","-Wno-unknown-pragmas","$(inherited)");
			};
			name = Debug;
		};
		6173AEA0F7724581A08F8CFD /* RelWithDebInfo */ = {
			isa = XCBuildConfiguration;
			buildSettings = {
				COMBINE_HIDPI_IMAGES = YES;
				GCC_GENERATE_DEBUGGING_SYMBOLS = YES;
				GCC_INLINES_ARE_PRIVATE_EXTERN = NO;
				GCC_OPTIMIZATION_LEVEL = 0;
				GCC_PREPROCESSOR_DEFINITIONS = ("'CMAKE_INTDIR=\"$(CONFIGURATION)$(EFFECTIVE_PLATFORM_NAME)\"'");
				GCC_SYMBOLS_PRIVATE_EXTERN = NO;
				INSTALL_PATH = "";
				OTHER_LDFLAGS = " ";
				OTHER_REZFLAGS = "";
				PRODUCT_NAME = ZERO_CHECK;
				SECTORDER_FLAGS = "";
				SYMROOT = "/Users/gleb/dev/Udacity-Self-Driving-Car-Engineer/CarND-Path-Planning-Project";
				USE_HEADERMAP = NO;
				WARNING_CFLAGS = ("-Wmost","-Wno-four-char-constants","-Wno-unknown-pragmas","$(inherited)");
			};
			name = RelWithDebInfo;
		};
		757B83233BF540E68AE15326 /* Release */ = {
			isa = XCBuildConfiguration;
			buildSettings = {
				MACOSX_DEPLOYMENT_TARGET = 10.14;
				ONLY_ACTIVE_ARCH = YES;
				SDKROOT = /Applications/Xcode.app/Contents/Developer/Platforms/MacOSX.platform/Developer/SDKs/MacOSX10.15.sdk;
				SYMROOT = "/Users/gleb/dev/Udacity-Self-Driving-Car-Engineer/CarND-Path-Planning-Project/build";
			};
			name = Release;
		};
		7ECE1FCA7A6E4ED9B79EDAE0 /* RelWithDebInfo */ = {
			isa = XCBuildConfiguration;
			buildSettings = {
				COMBINE_HIDPI_IMAGES = YES;
				EXECUTABLE_PREFIX = "";
				EXECUTABLE_SUFFIX = "";
				GCC_GENERATE_DEBUGGING_SYMBOLS = YES;
				GCC_INLINES_ARE_PRIVATE_EXTERN = NO;
				GCC_OPTIMIZATION_LEVEL = 2;
				GCC_PREPROCESSOR_DEFINITIONS = ("'CMAKE_INTDIR=\"$(CONFIGURATION)$(EFFECTIVE_PLATFORM_NAME)\"'");
				GCC_SYMBOLS_PRIVATE_EXTERN = NO;
				HEADER_SEARCH_PATHS = (/usr/local/include,/usr/local/opt/openssl/include);
				INSTALL_PATH = "";
				LD_RUNPATH_SEARCH_PATHS = "/usr/local/lib /usr/local/opt/openssl/lib /usr/local/Cellar/libuv/1.20.0/lib";
				LIBRARY_SEARCH_PATHS = " /usr/local/lib/$(CONFIGURATION)$(EFFECTIVE_PLATFORM_NAME) /usr/local/lib /usr/local/opt/openssl/lib/$(CONFIGURATION)$(EFFECTIVE_PLATFORM_NAME) /usr/local/opt/openssl/lib /usr/local/Cellar/libuv/1.20.0/lib/$(CONFIGURATION)$(EFFECTIVE_PLATFORM_NAME) /usr/local/Cellar/libuv/1.20.0/lib";
				OTHER_CPLUSPLUSFLAGS = "       -DNDEBUG   -std=c++11";
				OTHER_LDFLAGS = " -Wl,-search_paths_first -Wl,-headerpad_max_install_names  -lz -lssl -luv -luWS";
				OTHER_REZFLAGS = "";
				PRODUCT_NAME = path_planning;
				SECTORDER_FLAGS = "";
				SYMROOT = "/Users/gleb/dev/Udacity-Self-Driving-Car-Engineer/CarND-Path-Planning-Project";
				USE_HEADERMAP = NO;
				WARNING_CFLAGS = ("-Wmost","-Wno-four-char-constants","-Wno-unknown-pragmas","$(inherited)");
			};
			name = RelWithDebInfo;
		};
		8C6521C1697541F6A5317B6F /* Release */ = {
			isa = XCBuildConfiguration;
			buildSettings = {
				COMBINE_HIDPI_IMAGES = YES;
				GCC_GENERATE_DEBUGGING_SYMBOLS = YES;
				GCC_INLINES_ARE_PRIVATE_EXTERN = NO;
				GCC_OPTIMIZATION_LEVEL = 0;
				GCC_PREPROCESSOR_DEFINITIONS = ("'CMAKE_INTDIR=\"$(CONFIGURATION)$(EFFECTIVE_PLATFORM_NAME)\"'");
				GCC_SYMBOLS_PRIVATE_EXTERN = NO;
				INSTALL_PATH = "";
				OTHER_LDFLAGS = " ";
				OTHER_REZFLAGS = "";
				PRODUCT_NAME = ZERO_CHECK;
				SECTORDER_FLAGS = "";
				SYMROOT = "/Users/gleb/dev/Udacity-Self-Driving-Car-Engineer/CarND-Path-Planning-Project";
				USE_HEADERMAP = NO;
				WARNING_CFLAGS = ("-Wmost","-Wno-four-char-constants","-Wno-unknown-pragmas","$(inherited)");
			};
			name = Release;
		};
		8E0FD12D22ED47F694E34473 /* MinSizeRel */ = {
			isa = XCBuildConfiguration;
			buildSettings = {
				COMBINE_HIDPI_IMAGES = YES;
				GCC_GENERATE_DEBUGGING_SYMBOLS = YES;
				GCC_INLINES_ARE_PRIVATE_EXTERN = NO;
				GCC_OPTIMIZATION_LEVEL = 0;
				GCC_PREPROCESSOR_DEFINITIONS = ("'CMAKE_INTDIR=\"$(CONFIGURATION)$(EFFECTIVE_PLATFORM_NAME)\"'");
				GCC_SYMBOLS_PRIVATE_EXTERN = NO;
				INSTALL_PATH = "";
				OTHER_LDFLAGS = " ";
				OTHER_REZFLAGS = "";
				PRODUCT_NAME = ZERO_CHECK;
				SECTORDER_FLAGS = "";
				SYMROOT = "/Users/gleb/dev/Udacity-Self-Driving-Car-Engineer/CarND-Path-Planning-Project";
				USE_HEADERMAP = NO;
				WARNING_CFLAGS = ("-Wmost","-Wno-four-char-constants","-Wno-unknown-pragmas","$(inherited)");
			};
			name = MinSizeRel;
		};
		A5C8269F253E46E887813C42 /* Debug */ = {
			isa = XCBuildConfiguration;
			buildSettings = {
				COMBINE_HIDPI_IMAGES = YES;
				GCC_GENERATE_DEBUGGING_SYMBOLS = YES;
				GCC_INLINES_ARE_PRIVATE_EXTERN = NO;
				GCC_OPTIMIZATION_LEVEL = 0;
				GCC_PREPROCESSOR_DEFINITIONS = ("'CMAKE_INTDIR=\"$(CONFIGURATION)$(EFFECTIVE_PLATFORM_NAME)\"'");
				GCC_SYMBOLS_PRIVATE_EXTERN = NO;
				INSTALL_PATH = "";
				OTHER_LDFLAGS = " ";
				OTHER_REZFLAGS = "";
				PRODUCT_NAME = ZERO_CHECK;
				SECTORDER_FLAGS = "";
				SYMROOT = "/Users/gleb/dev/Udacity-Self-Driving-Car-Engineer/CarND-Path-Planning-Project";
				USE_HEADERMAP = NO;
				WARNING_CFLAGS = ("-Wmost","-Wno-four-char-constants","-Wno-unknown-pragmas","$(inherited)");
			};
			name = Debug;
		};
		A9B0195B78BB411DB0493A1B /* MinSizeRel */ = {
			isa = XCBuildConfiguration;
			buildSettings = {
				COMBINE_HIDPI_IMAGES = YES;
				EXECUTABLE_PREFIX = "";
				EXECUTABLE_SUFFIX = "";
				GCC_GENERATE_DEBUGGING_SYMBOLS = NO;
				GCC_INLINES_ARE_PRIVATE_EXTERN = NO;
				GCC_OPTIMIZATION_LEVEL = s;
				GCC_PREPROCESSOR_DEFINITIONS = ("'CMAKE_INTDIR=\"$(CONFIGURATION)$(EFFECTIVE_PLATFORM_NAME)\"'");
				GCC_SYMBOLS_PRIVATE_EXTERN = NO;
				HEADER_SEARCH_PATHS = (/usr/local/include,/usr/local/opt/openssl/include);
				INSTALL_PATH = "";
				LD_RUNPATH_SEARCH_PATHS = "/usr/local/lib /usr/local/opt/openssl/lib /usr/local/Cellar/libuv/1.20.0/lib";
				LIBRARY_SEARCH_PATHS = " /usr/local/lib/$(CONFIGURATION)$(EFFECTIVE_PLATFORM_NAME) /usr/local/lib /usr/local/opt/openssl/lib/$(CONFIGURATION)$(EFFECTIVE_PLATFORM_NAME) /usr/local/opt/openssl/lib /usr/local/Cellar/libuv/1.20.0/lib/$(CONFIGURATION)$(EFFECTIVE_PLATFORM_NAME) /usr/local/Cellar/libuv/1.20.0/lib";
				OTHER_CPLUSPLUSFLAGS = "    -DNDEBUG   -std=c++11";
				OTHER_LDFLAGS = " -Wl,-search_paths_first -Wl,-headerpad_max_install_names  -lz -lssl -luv -luWS";
				OTHER_REZFLAGS = "";
				PRODUCT_NAME = path_planning;
				SECTORDER_FLAGS = "";
				SYMROOT = "/Users/gleb/dev/Udacity-Self-Driving-Car-Engineer/CarND-Path-Planning-Project";
				USE_HEADERMAP = NO;
				WARNING_CFLAGS = ("-Wmost","-Wno-four-char-constants","-Wno-unknown-pragmas","$(inherited)");
			};
			name = MinSizeRel;
		};
		C99F5C363A6241258C16B279 /* MinSizeRel */ = {
			isa = XCBuildConfiguration;
			buildSettings = {
				MACOSX_DEPLOYMENT_TARGET = 10.14;
				ONLY_ACTIVE_ARCH = YES;
				SDKROOT = /Applications/Xcode.app/Contents/Developer/Platforms/MacOSX.platform/Developer/SDKs/MacOSX10.15.sdk;
				SYMROOT = "/Users/gleb/dev/Udacity-Self-Driving-Car-Engineer/CarND-Path-Planning-Project/build";
			};
			name = MinSizeRel;
		};
		D050364DF43D42C29953E33A /* RelWithDebInfo */ = {
			isa = XCBuildConfiguration;
			buildSettings = {
				COMBINE_HIDPI_IMAGES = YES;
				GCC_GENERATE_DEBUGGING_SYMBOLS = YES;
				GCC_INLINES_ARE_PRIVATE_EXTERN = NO;
				GCC_OPTIMIZATION_LEVEL = 0;
				GCC_PREPROCESSOR_DEFINITIONS = ("'CMAKE_INTDIR=\"$(CONFIGURATION)$(EFFECTIVE_PLATFORM_NAME)\"'");
				GCC_SYMBOLS_PRIVATE_EXTERN = NO;
				INSTALL_PATH = "";
				OTHER_LDFLAGS = " ";
				OTHER_REZFLAGS = "";
				PRODUCT_NAME = ALL_BUILD;
				SECTORDER_FLAGS = "";
				SYMROOT = "/Users/gleb/dev/Udacity-Self-Driving-Car-Engineer/CarND-Path-Planning-Project";
				USE_HEADERMAP = NO;
				WARNING_CFLAGS = ("-Wmost","-Wno-four-char-constants","-Wno-unknown-pragmas","$(inherited)");
			};
			name = RelWithDebInfo;
		};
/* End XCBuildConfiguration section */

/* Begin XCConfigurationList section */
		33EBFF9CAB3244AC9F108520 /* Build configuration list for PBXAggregateTarget "ALL_BUILD" */ = {
			isa = XCConfigurationList;
			buildConfigurations = (
				5E630D6205ED466ABCACCD94 /* Debug */,
				2E0B9ABBDEB548B39FAF74E9 /* Release */,
				32141F915D7E4EE7BB002A6A /* MinSizeRel */,
				D050364DF43D42C29953E33A /* RelWithDebInfo */,
			);
			defaultConfigurationIsVisible = 0;
			defaultConfigurationName = Debug;
		};
		39EFD6A2067A49359B3C4968 /* Build configuration list for PBXNativeTarget "path_planning" */ = {
			isa = XCConfigurationList;
			buildConfigurations = (
				10A6192BB6404C96AEA7EEA0 /* Debug */,
				0BFD4C61BCE84B3F8D7CE0E1 /* Release */,
				A9B0195B78BB411DB0493A1B /* MinSizeRel */,
				7ECE1FCA7A6E4ED9B79EDAE0 /* RelWithDebInfo */,
			);
			defaultConfigurationIsVisible = 0;
			defaultConfigurationName = Debug;
		};
		B2F8FB8E84004A1AA2D1A41C /* Build configuration list for PBXAggregateTarget "ZERO_CHECK" */ = {
			isa = XCConfigurationList;
			buildConfigurations = (
				A5C8269F253E46E887813C42 /* Debug */,
				8C6521C1697541F6A5317B6F /* Release */,
				8E0FD12D22ED47F694E34473 /* MinSizeRel */,
				6173AEA0F7724581A08F8CFD /* RelWithDebInfo */,
			);
			defaultConfigurationIsVisible = 0;
			defaultConfigurationName = Debug;
		};
		BC5015A9FB8F40ABB35B99F4 /* Build configuration list for PBXProject "Path_Planning" */ = {
			isa = XCConfigurationList;
			buildConfigurations = (
				49C4457B630B40FF82888A93 /* Debug */,
				757B83233BF540E68AE15326 /* Release */,
				C99F5C363A6241258C16B279 /* MinSizeRel */,
				27489D43380944CD8C2CCC7B /* RelWithDebInfo */,
			);
			defaultConfigurationIsVisible = 0;
			defaultConfigurationName = Debug;
		};
/* End XCConfigurationList section */
	};
	rootObject = 3B34B7585027422EB6918BBA /* Project object */;
}
